
Microsoft Visual Studio Solution File, Format Version 12.00
# Visual Studio Version 16
VisualStudioVersion = 16.0.30611.23
MinimumVisualStudioVersion = 10.0.40219.1
Project("{2150E333-8FDC-42A3-9474-1A3956D46DE8}") = "src", "src", "{74CF87C6-EDB4-4B31-B5B0-CA25463AE0DE}"
EndProject
Project("{2150E333-8FDC-42A3-9474-1A3956D46DE8}") = "test", "test", "{9275A4A9-A215-4894-83C6-128024B08122}"
EndProject
Project("{9A19103F-16F7-4668-BE54-9A1E7A4F7556}") = "DivertR", "src\DivertR\DivertR.csproj", "{0E2DABC3-39BF-4B0D-8CA9-A5E88B818573}"
EndProject
Project("{9A19103F-16F7-4668-BE54-9A1E7A4F7556}") = "DivertR.UnitTests", "test\DivertR.UnitTests\DivertR.UnitTests.csproj", "{1A70F24F-B257-4183-9247-5C1B6802B69A}"
EndProject
Project("{FAE04EC0-301F-11D3-BF4B-00C04F79EFBC}") = "DivertR.SampleWebApp", "test\DivertR.SampleWebApp\DivertR.SampleWebApp.csproj", "{C18C99BE-811B-4446-AAA6-E6377F08AA01}"
EndProject
Project("{FAE04EC0-301F-11D3-BF4B-00C04F79EFBC}") = "DivertR.WebAppTests", "test\DivertR.WebAppTests\DivertR.WebAppTests.csproj", "{C411DA96-5AB1-48BC-B238-7610F0701429}"
EndProject
Project("{FAE04EC0-301F-11D3-BF4B-00C04F79EFBC}") = "DivertR.DependencyInjection", "src\DivertR.DependencyInjection\DivertR.DependencyInjection.csproj", "{A47ED4A4-43C0-4BD3-9035-3D853205B72F}"
EndProject
Project("{FAE04EC0-301F-11D3-BF4B-00C04F79EFBC}") = "DivertR.DependencyInjection.Tests", "test\DivertR.DependencyInjection.Tests\DivertR.DependencyInjection.Tests.csproj", "{0CDF6317-C9EE-48B7-A349-0D3335EBD86F}"
EndProject
Project("{FAE04EC0-301F-11D3-BF4B-00C04F79EFBC}") = "DivertR.DispatchProxy", "src\DivertR.DispatchProxy\DivertR.DispatchProxy.csproj", "{0F3E9BEE-116F-4218-B95D-0CA242074FFF}"
EndProject
Project("{FAE04EC0-301F-11D3-BF4B-00C04F79EFBC}") = "DivertR.Core", "src\DivertR.Core\DivertR.Core.csproj", "{AC0FFCB1-0154-45AC-ACF1-C003DDBE42BA}"
EndProject
Project("{FAE04EC0-301F-11D3-BF4B-00C04F79EFBC}") = "DivertR.DynamicProxy", "src\DivertR.DynamicProxy\DivertR.DynamicProxy.csproj", "{3A18FCF0-13BF-4AD3-89DC-8752AA55180E}"
EndProject
Project("{FAE04EC0-301F-11D3-BF4B-00C04F79EFBC}") = "DivertR.Setup", "src\DivertR.Setup\DivertR.Setup.csproj", "{749B3522-C4DF-4006-93A4-7DDE462C8B37}"
EndProject
Project("{FAE04EC0-301F-11D3-BF4B-00C04F79EFBC}") = "DivertR.DemoApp", "test\DivertR.DemoApp\DivertR.DemoApp.csproj", "{667B3290-975E-44D5-8181-5E188A0CC0D5}"
EndProject
Project("{FAE04EC0-301F-11D3-BF4B-00C04F79EFBC}") = "DivertR.Redirects", "src\DivertR.Redirects\DivertR.Redirects.csproj", "{65793D22-F922-4971-BEBE-EC3FE85105C8}"
EndProject
Global
	GlobalSection(SolutionConfigurationPlatforms) = preSolution
		Debug|Any CPU = Debug|Any CPU
		Release|Any CPU = Release|Any CPU
	EndGlobalSection
	GlobalSection(ProjectConfigurationPlatforms) = postSolution
		{0E2DABC3-39BF-4B0D-8CA9-A5E88B818573}.Debug|Any CPU.ActiveCfg = Debug|Any CPU
		{0E2DABC3-39BF-4B0D-8CA9-A5E88B818573}.Debug|Any CPU.Build.0 = Debug|Any CPU
		{0E2DABC3-39BF-4B0D-8CA9-A5E88B818573}.Release|Any CPU.ActiveCfg = Release|Any CPU
		{0E2DABC3-39BF-4B0D-8CA9-A5E88B818573}.Release|Any CPU.Build.0 = Release|Any CPU
		{1A70F24F-B257-4183-9247-5C1B6802B69A}.Debug|Any CPU.ActiveCfg = Debug|Any CPU
		{1A70F24F-B257-4183-9247-5C1B6802B69A}.Debug|Any CPU.Build.0 = Debug|Any CPU
		{1A70F24F-B257-4183-9247-5C1B6802B69A}.Release|Any CPU.ActiveCfg = Release|Any CPU
		{1A70F24F-B257-4183-9247-5C1B6802B69A}.Release|Any CPU.Build.0 = Release|Any CPU
		{C18C99BE-811B-4446-AAA6-E6377F08AA01}.Debug|Any CPU.ActiveCfg = Debug|Any CPU
		{C18C99BE-811B-4446-AAA6-E6377F08AA01}.Debug|Any CPU.Build.0 = Debug|Any CPU
		{C18C99BE-811B-4446-AAA6-E6377F08AA01}.Release|Any CPU.ActiveCfg = Release|Any CPU
		{C18C99BE-811B-4446-AAA6-E6377F08AA01}.Release|Any CPU.Build.0 = Release|Any CPU
		{C411DA96-5AB1-48BC-B238-7610F0701429}.Debug|Any CPU.ActiveCfg = Debug|Any CPU
		{C411DA96-5AB1-48BC-B238-7610F0701429}.Debug|Any CPU.Build.0 = Debug|Any CPU
		{C411DA96-5AB1-48BC-B238-7610F0701429}.Release|Any CPU.ActiveCfg = Release|Any CPU
		{C411DA96-5AB1-48BC-B238-7610F0701429}.Release|Any CPU.Build.0 = Release|Any CPU
		{A47ED4A4-43C0-4BD3-9035-3D853205B72F}.Debug|Any CPU.ActiveCfg = Debug|Any CPU
		{A47ED4A4-43C0-4BD3-9035-3D853205B72F}.Debug|Any CPU.Build.0 = Debug|Any CPU
		{A47ED4A4-43C0-4BD3-9035-3D853205B72F}.Release|Any CPU.ActiveCfg = Release|Any CPU
		{A47ED4A4-43C0-4BD3-9035-3D853205B72F}.Release|Any CPU.Build.0 = Release|Any CPU
		{0CDF6317-C9EE-48B7-A349-0D3335EBD86F}.Debug|Any CPU.ActiveCfg = Debug|Any CPU
		{0CDF6317-C9EE-48B7-A349-0D3335EBD86F}.Debug|Any CPU.Build.0 = Debug|Any CPU
		{0CDF6317-C9EE-48B7-A349-0D3335EBD86F}.Release|Any CPU.ActiveCfg = Release|Any CPU
		{0CDF6317-C9EE-48B7-A349-0D3335EBD86F}.Release|Any CPU.Build.0 = Release|Any CPU
		{0F3E9BEE-116F-4218-B95D-0CA242074FFF}.Debug|Any CPU.ActiveCfg = Debug|Any CPU
		{0F3E9BEE-116F-4218-B95D-0CA242074FFF}.Debug|Any CPU.Build.0 = Debug|Any CPU
		{0F3E9BEE-116F-4218-B95D-0CA242074FFF}.Release|Any CPU.ActiveCfg = Release|Any CPU
		{0F3E9BEE-116F-4218-B95D-0CA242074FFF}.Release|Any CPU.Build.0 = Release|Any CPU
		{AC0FFCB1-0154-45AC-ACF1-C003DDBE42BA}.Debug|Any CPU.ActiveCfg = Debug|Any CPU
		{AC0FFCB1-0154-45AC-ACF1-C003DDBE42BA}.Debug|Any CPU.Build.0 = Debug|Any CPU
		{AC0FFCB1-0154-45AC-ACF1-C003DDBE42BA}.Release|Any CPU.ActiveCfg = Release|Any CPU
		{AC0FFCB1-0154-45AC-ACF1-C003DDBE42BA}.Release|Any CPU.Build.0 = Release|Any CPU
		{3A18FCF0-13BF-4AD3-89DC-8752AA55180E}.Debug|Any CPU.ActiveCfg = Debug|Any CPU
		{3A18FCF0-13BF-4AD3-89DC-8752AA55180E}.Debug|Any CPU.Build.0 = Debug|Any CPU
		{3A18FCF0-13BF-4AD3-89DC-8752AA55180E}.Release|Any CPU.ActiveCfg = Release|Any CPU
		{3A18FCF0-13BF-4AD3-89DC-8752AA55180E}.Release|Any CPU.Build.0 = Release|Any CPU
		{749B3522-C4DF-4006-93A4-7DDE462C8B37}.Debug|Any CPU.ActiveCfg = Debug|Any CPU
		{749B3522-C4DF-4006-93A4-7DDE462C8B37}.Debug|Any CPU.Build.0 = Debug|Any CPU
		{749B3522-C4DF-4006-93A4-7DDE462C8B37}.Release|Any CPU.ActiveCfg = Release|Any CPU
		{749B3522-C4DF-4006-93A4-7DDE462C8B37}.Release|Any CPU.Build.0 = Release|Any CPU
		{667B3290-975E-44D5-8181-5E188A0CC0D5}.Debug|Any CPU.ActiveCfg = Debug|Any CPU
		{667B3290-975E-44D5-8181-5E188A0CC0D5}.Debug|Any CPU.Build.0 = Debug|Any CPU
		{667B3290-975E-44D5-8181-5E188A0CC0D5}.Release|Any CPU.ActiveCfg = Release|Any CPU
		{667B3290-975E-44D5-8181-5E188A0CC0D5}.Release|Any CPU.Build.0 = Release|Any CPU
		{65793D22-F922-4971-BEBE-EC3FE85105C8}.Debug|Any CPU.ActiveCfg = Debug|Any CPU
		{65793D22-F922-4971-BEBE-EC3FE85105C8}.Debug|Any CPU.Build.0 = Debug|Any CPU
		{65793D22-F922-4971-BEBE-EC3FE85105C8}.Release|Any CPU.ActiveCfg = Release|Any CPU
		{65793D22-F922-4971-BEBE-EC3FE85105C8}.Release|Any CPU.Build.0 = Release|Any CPU
	EndGlobalSection
	GlobalSection(SolutionProperties) = preSolution
		HideSolutionNode = FALSE
	EndGlobalSection
	GlobalSection(NestedProjects) = preSolution
		{0E2DABC3-39BF-4B0D-8CA9-A5E88B818573} = {74CF87C6-EDB4-4B31-B5B0-CA25463AE0DE}
		{1A70F24F-B257-4183-9247-5C1B6802B69A} = {9275A4A9-A215-4894-83C6-128024B08122}
		{C18C99BE-811B-4446-AAA6-E6377F08AA01} = {9275A4A9-A215-4894-83C6-128024B08122}
		{C411DA96-5AB1-48BC-B238-7610F0701429} = {9275A4A9-A215-4894-83C6-128024B08122}
		{A47ED4A4-43C0-4BD3-9035-3D853205B72F} = {74CF87C6-EDB4-4B31-B5B0-CA25463AE0DE}
		{0CDF6317-C9EE-48B7-A349-0D3335EBD86F} = {9275A4A9-A215-4894-83C6-128024B08122}
		{0F3E9BEE-116F-4218-B95D-0CA242074FFF} = {74CF87C6-EDB4-4B31-B5B0-CA25463AE0DE}
		{AC0FFCB1-0154-45AC-ACF1-C003DDBE42BA} = {74CF87C6-EDB4-4B31-B5B0-CA25463AE0DE}
		{3A18FCF0-13BF-4AD3-89DC-8752AA55180E} = {74CF87C6-EDB4-4B31-B5B0-CA25463AE0DE}
		{749B3522-C4DF-4006-93A4-7DDE462C8B37} = {74CF87C6-EDB4-4B31-B5B0-CA25463AE0DE}
		{667B3290-975E-44D5-8181-5E188A0CC0D5} = {9275A4A9-A215-4894-83C6-128024B08122}
		{65793D22-F922-4971-BEBE-EC3FE85105C8} = {74CF87C6-EDB4-4B31-B5B0-CA25463AE0DE}
	EndGlobalSection
	GlobalSection(ExtensibilityGlobals) = postSolution
		SolutionGuid = {2239E171-F669-4DBD-882A-E8720EF6C493}
	EndGlobalSection
EndGlobal
