
Microsoft Visual Studio Solution File, Format Version 12.00
# Visual Studio Version 16
VisualStudioVersion = 16.0.30611.23
MinimumVisualStudioVersion = 10.0.40219.1
Project("{2150E333-8FDC-42A3-9474-1A3956D46DE8}") = "src", "src", "{74CF87C6-EDB4-4B31-B5B0-CA25463AE0DE}"
EndProject
Project("{2150E333-8FDC-42A3-9474-1A3956D46DE8}") = "test", "test", "{9275A4A9-A215-4894-83C6-128024B08122}"
EndProject
Project("{9A19103F-16F7-4668-BE54-9A1E7A4F7556}") = "NMorph", "src\NMorph\NMorph.csproj", "{B50CD39B-D312-429A-899D-93DE676B6BA4}"
EndProject
Project("{9A19103F-16F7-4668-BE54-9A1E7A4F7556}") = "NMorph.UnitTests", "test\NMorph.UnitTests\NMorph.UnitTests.csproj", "{B2E55903-48E8-499C-BA57-34CCFE5A2D95}"
EndProject
Global
	GlobalSection(SolutionConfigurationPlatforms) = preSolution
		Debug|Any CPU = Debug|Any CPU
		Release|Any CPU = Release|Any CPU
	EndGlobalSection
	GlobalSection(ProjectConfigurationPlatforms) = postSolution
		{B50CD39B-D312-429A-899D-93DE676B6BA4}.Debug|Any CPU.ActiveCfg = Debug|Any CPU
		{B50CD39B-D312-429A-899D-93DE676B6BA4}.Debug|Any CPU.Build.0 = Debug|Any CPU
		{B50CD39B-D312-429A-899D-93DE676B6BA4}.Release|Any CPU.ActiveCfg = Release|Any CPU
		{B50CD39B-D312-429A-899D-93DE676B6BA4}.Release|Any CPU.Build.0 = Release|Any CPU
		{B2E55903-48E8-499C-BA57-34CCFE5A2D95}.Debug|Any CPU.ActiveCfg = Debug|Any CPU
		{B2E55903-48E8-499C-BA57-34CCFE5A2D95}.Debug|Any CPU.Build.0 = Debug|Any CPU
		{B2E55903-48E8-499C-BA57-34CCFE5A2D95}.Release|Any CPU.ActiveCfg = Release|Any CPU
		{B2E55903-48E8-499C-BA57-34CCFE5A2D95}.Release|Any CPU.Build.0 = Release|Any CPU
	EndGlobalSection
	GlobalSection(SolutionProperties) = preSolution
		HideSolutionNode = FALSE
	EndGlobalSection
	GlobalSection(NestedProjects) = preSolution
		{B50CD39B-D312-429A-899D-93DE676B6BA4} = {74CF87C6-EDB4-4B31-B5B0-CA25463AE0DE}
		{B2E55903-48E8-499C-BA57-34CCFE5A2D95} = {9275A4A9-A215-4894-83C6-128024B08122}
	EndGlobalSection
	GlobalSection(ExtensibilityGlobals) = postSolution
		SolutionGuid = {2239E171-F669-4DBD-882A-E8720EF6C493}
	EndGlobalSection
EndGlobal
